
Microsoft Visual Studio Solution File, Format Version 12.00
# Visual Studio Version 17
VisualStudioVersion = 17.7.34031.279
MinimumVisualStudioVersion = 10.0.40219.1
Project("{8BC9CEB8-8B4A-11D0-8D11-00A0C91BC942}") = "链表（尾插法）", "链表（尾插法）\链表（尾插法）.vcxproj", "{31C2A459-D2BF-42D3-89C6-AE7E4139237B}"
EndProject
Global
	GlobalSection(SolutionConfigurationPlatforms) = preSolution
		Debug|x64 = Debug|x64
		Debug|x86 = Debug|x86
		Release|x64 = Release|x64
		Release|x86 = Release|x86
	EndGlobalSection
	GlobalSection(ProjectConfigurationPlatforms) = postSolution
		{31C2A459-D2BF-42D3-89C6-AE7E4139237B}.Debug|x64.ActiveCfg = Debug|x64
		{31C2A459-D2BF-42D3-89C6-AE7E4139237B}.Debug|x64.Build.0 = Debug|x64
		{31C2A459-D2BF-42D3-89C6-AE7E4139237B}.Debug|x86.ActiveCfg = Debug|Win32
		{31C2A459-D2BF-42D3-89C6-AE7E4139237B}.Debug|x86.Build.0 = Debug|Win32
		{31C2A459-D2BF-42D3-89C6-AE7E4139237B}.Release|x64.ActiveCfg = Release|x64
		{31C2A459-D2BF-42D3-89C6-AE7E4139237B}.Release|x64.Build.0 = Release|x64
		{31C2A459-D2BF-42D3-89C6-AE7E4139237B}.Release|x86.ActiveCfg = Release|Win32
		{31C2A459-D2BF-42D3-89C6-AE7E4139237B}.Release|x86.Build.0 = Release|Win32
	EndGlobalSection
	GlobalSection(SolutionProperties) = preSolution
		HideSolutionNode = FALSE
	EndGlobalSection
	GlobalSection(ExtensibilityGlobals) = postSolution
		SolutionGuid = {57418593-8854-4D1E-94F8-5DAC074FCBD7}
	EndGlobalSection
EndGlobal
